{
	"name": "erela.js-api",
	"version": "0.0.1",
	"lockfileVersion": 2,
	"requires": true,
	"packages": {
		"": {
			"version": "0.0.1",
			"license": "Apache-2.0",
			"dependencies": {
				"@discordjs/collection": "^0.1.6"
			},
			"devDependencies": {
				"@types/node": "^15.12.2"
			}
		},
		"node_modules/@discordjs/collection": {
			"version": "0.1.6",
			"resolved": "https://registry.npmjs.org/@discordjs/collection/-/collection-0.1.6.tgz",
			"integrity": "sha512-utRNxnd9kSS2qhyivo9lMlt5qgAUasH2gb7BEOn6p0efFh24gjGomHzWKMAPn2hEReOPQZCJaRKoURwRotKucQ=="
		},
		"node_modules/@types/node": {
			"version": "15.12.2",
			"resolved": "https://registry.npmjs.org/@types/node/-/node-15.12.2.tgz",
			"integrity": "sha512-zjQ69G564OCIWIOHSXyQEEDpdpGl+G348RAKY0XXy9Z5kU9Vzv1GMNnkar/ZJ8dzXB3COzD9Mo9NtRZ4xfgUww==",
			"dev": true
		}
	},
	"dependencies": {
		"@discordjs/collection": {
			"version": "0.1.6",
			"resolved": "https://registry.npmjs.org/@discordjs/collection/-/collection-0.1.6.tgz",
			"integrity": "sha512-utRNxnd9kSS2qhyivo9lMlt5qgAUasH2gb7BEOn6p0efFh24gjGomHzWKMAPn2hEReOPQZCJaRKoURwRotKucQ=="
		},
		"@types/node": {
			"version": "15.12.2",
			"resolved": "https://registry.npmjs.org/@types/node/-/node-15.12.2.tgz",
			"integrity": "sha512-zjQ69G564OCIWIOHSXyQEEDpdpGl+G348RAKY0XXy9Z5kU9Vzv1GMNnkar/ZJ8dzXB3COzD9Mo9NtRZ4xfgUww==",
			"dev": true
		}
	}
}
