# THIS IS AN AUTOGENERATED FILE. DO NOT EDIT THIS FILE DIRECTLY.
# yarn lockfile v1


"@discordjs/collection@^0.1.6":
  "integrity" "sha512-utRNxnd9kSS2qhyivo9lMlt5qgAUasH2gb7BEOn6p0efFh24gjGomHzWKMAPn2hEReOPQZCJaRKoURwRotKucQ=="
  "resolved" "https://registry.npmjs.org/@discordjs/collection/-/collection-0.1.6.tgz"
  "version" "0.1.6"

"@types/node@^15.12.2":
  "integrity" "sha512-zjQ69G564OCIWIOHSXyQEEDpdpGl+G348RAKY0XXy9Z5kU9Vzv1GMNnkar/ZJ8dzXB3COzD9Mo9NtRZ4xfgUww=="
  "resolved" "https://registry.npmjs.org/@types/node/-/node-15.12.2.tgz"
  "version" "15.12.2"
